
Microsoft Visual Studio Solution File, Format Version 12.00
# Visual Studio Version 16
VisualStudioVersion = 16.0.30523.141
MinimumVisualStudioVersion = 10.0.40219.1
Project("{FAE04EC0-301F-11D3-BF4B-00C04F79EFBC}") = "Muntean_Oana_Lab6", "Muntean_Oana_Lab6.csproj", "{291526D3-B56F-40BA-94F0-406634774463}"
EndProject
Project("{FAE04EC0-301F-11D3-BF4B-00C04F79EFBC}") = "AutoLotModel", "..\AutoLotModel\AutoLotModel.csproj", "{AB36FEDB-EE44-41B1-86B0-3BF59592F392}"
EndProject
Global
	GlobalSection(SolutionConfigurationPlatforms) = preSolution
		Debug|Any CPU = Debug|Any CPU
		Release|Any CPU = Release|Any CPU
	EndGlobalSection
	GlobalSection(ProjectConfigurationPlatforms) = postSolution
		{291526D3-B56F-40BA-94F0-406634774463}.Debug|Any CPU.ActiveCfg = Debug|Any CPU
		{291526D3-B56F-40BA-94F0-406634774463}.Debug|Any CPU.Build.0 = Debug|Any CPU
		{291526D3-B56F-40BA-94F0-406634774463}.Release|Any CPU.ActiveCfg = Release|Any CPU
		{291526D3-B56F-40BA-94F0-406634774463}.Release|Any CPU.Build.0 = Release|Any CPU
		{AB36FEDB-EE44-41B1-86B0-3BF59592F392}.Debug|Any CPU.ActiveCfg = Debug|Any CPU
		{AB36FEDB-EE44-41B1-86B0-3BF59592F392}.Debug|Any CPU.Build.0 = Debug|Any CPU
		{AB36FEDB-EE44-41B1-86B0-3BF59592F392}.Release|Any CPU.ActiveCfg = Release|Any CPU
		{AB36FEDB-EE44-41B1-86B0-3BF59592F392}.Release|Any CPU.Build.0 = Release|Any CPU
	EndGlobalSection
	GlobalSection(SolutionProperties) = preSolution
		HideSolutionNode = FALSE
	EndGlobalSection
	GlobalSection(ExtensibilityGlobals) = postSolution
		SolutionGuid = {CF712340-1139-45A0-88D1-6657489B926A}
	EndGlobalSection
EndGlobal
